
Microsoft Visual Studio Solution File, Format Version 12.00
# Visual Studio Version 17
VisualStudioVersion = 17.0.32126.317
MinimumVisualStudioVersion = 10.0.40219.1
Project("{FAE04EC0-301F-11D3-BF4B-00C04F79EFBC}") = "TaskSystem", "TaskSystem\TaskSystem.csproj", "{C88ECECB-6073-4EFF-A43D-3E73F9F837D9}"
EndProject
Global
	GlobalSection(SolutionConfigurationPlatforms) = preSolution
		Debug|Any CPU = Debug|Any CPU
		Release|Any CPU = Release|Any CPU
	EndGlobalSection
	GlobalSection(ProjectConfigurationPlatforms) = postSolution
		{C88ECECB-6073-4EFF-A43D-3E73F9F837D9}.Debug|Any CPU.ActiveCfg = Debug|Any CPU
		{C88ECECB-6073-4EFF-A43D-3E73F9F837D9}.Debug|Any CPU.Build.0 = Debug|Any CPU
		{C88ECECB-6073-4EFF-A43D-3E73F9F837D9}.Release|Any CPU.ActiveCfg = Release|Any CPU
		{C88ECECB-6073-4EFF-A43D-3E73F9F837D9}.Release|Any CPU.Build.0 = Release|Any CPU
	EndGlobalSection
	GlobalSection(SolutionProperties) = preSolution
		HideSolutionNode = FALSE
	EndGlobalSection
	GlobalSection(ExtensibilityGlobals) = postSolution
		SolutionGuid = {37FE9950-208D-4CFE-8FAE-3E68A1686FA1}
	EndGlobalSection
EndGlobal
